
Microsoft Visual Studio Solution File, Format Version 12.00
# Visual Studio Version 17
VisualStudioVersion = 17.10.35122.118
MinimumVisualStudioVersion = 10.0.40219.1
Project("{778DAE3C-4631-46EA-AA77-85C1314464D9}") = "PathwayBuilder", "PathwayBuilder\PathwayBuilder.vbproj", "{D077D50D-8EF6-4044-9D40-565020222ECD}"
EndProject
Project("{2150E333-8FDC-42A3-9474-1A3956D46DE8}") = "framework", "framework", "{103AA27C-8966-424D-9709-CCA39C9A190D}"
EndProject
Project("{778DAE3C-4631-46EA-AA77-85C1314464D9}") = "Core", "..\..\GCModeller\src\runtime\sciBASIC#\Microsoft.VisualBasic.Core\src\Core.vbproj", "{04166C0D-98E2-48A4-BF51-E1F45CFB91AE}"
EndProject
Project("{778DAE3C-4631-46EA-AA77-85C1314464D9}") = "Math.NET5", "..\..\GCModeller\src\runtime\sciBASIC#\Data_science\Mathematica\Math\Math\Math.NET5.vbproj", "{51207BBF-319F-434E-A20D-56EDDE47C7D6}"
EndProject
Project("{778DAE3C-4631-46EA-AA77-85C1314464D9}") = "dataframeUtils-netcore5", "..\..\GCModeller\src\runtime\sciBASIC#\Data_science\Mathematica\Math\DataFrame\dataframeUtils-netcore5.vbproj", "{6456F7C5-559F-4E33-B9A0-6C067786A302}"
EndProject
Project("{778DAE3C-4631-46EA-AA77-85C1314464D9}") = "stats-netcore5", "..\..\GCModeller\src\runtime\sciBASIC#\Data_science\Mathematica\Math\Math.Statistics\stats-netcore5.vbproj", "{200B043E-B3E6-4105-B543-574BB34F58C1}"
EndProject
Project("{2150E333-8FDC-42A3-9474-1A3956D46DE8}") = "renv", "renv", "{C0832E21-7854-40D2-92EB-B7EDA6D0DCFC}"
EndProject
Project("{778DAE3C-4631-46EA-AA77-85C1314464D9}") = "Rsharp-netcore5", "..\..\GCModeller\src\R-sharp\R#\Rsharp-netcore5.vbproj", "{1D1C4C44-12FF-4EDF-824B-1C151C8460B1}"
EndProject
Project("{778DAE3C-4631-46EA-AA77-85C1314464D9}") = "R-cmd.NET5", "..\..\GCModeller\src\R-sharp\studio\R-terminal\R-cmd.NET5.vbproj", "{441D703E-2355-48B9-AEF5-B027EFC322C0}"
EndProject
Global
	GlobalSection(SolutionConfigurationPlatforms) = preSolution
		CFD_win32|Any CPU = CFD_win32|Any CPU
		CFD_win32|x64 = CFD_win32|x64
		CFD_win32|x86 = CFD_win32|x86
		Debug|Any CPU = Debug|Any CPU
		Debug|x64 = Debug|x64
		Debug|x86 = Debug|x86
		Desktop|Any CPU = Desktop|Any CPU
		Desktop|x64 = Desktop|x64
		Desktop|x86 = Desktop|x86
		Docker|Any CPU = Docker|Any CPU
		Docker|x64 = Docker|x64
		Docker|x86 = Docker|x86
		gcmodeller_desktop|Any CPU = gcmodeller_desktop|Any CPU
		gcmodeller_desktop|x64 = gcmodeller_desktop|x64
		gcmodeller_desktop|x86 = gcmodeller_desktop|x86
		LipidSearch|Any CPU = LipidSearch|Any CPU
		LipidSearch|x64 = LipidSearch|x64
		LipidSearch|x86 = LipidSearch|x86
		mzkit_win32|Any CPU = mzkit_win32|Any CPU
		mzkit_win32|x64 = mzkit_win32|x64
		mzkit_win32|x86 = mzkit_win32|x86
		mzkit|Any CPU = mzkit|Any CPU
		mzkit|x64 = mzkit|x64
		mzkit|x86 = mzkit|x86
		NPSearch|Any CPU = NPSearch|Any CPU
		NPSearch|x64 = NPSearch|x64
		NPSearch|x86 = NPSearch|x86
		nuget_release|Any CPU = nuget_release|Any CPU
		nuget_release|x64 = nuget_release|x64
		nuget_release|x86 = nuget_release|x86
		PlantMAT|Any CPU = PlantMAT|Any CPU
		PlantMAT|x64 = PlantMAT|x64
		PlantMAT|x86 = PlantMAT|x86
		Release|Any CPU = Release|Any CPU
		Release|x64 = Release|x64
		Release|x86 = Release|x86
		Rsharp_app_release|Any CPU = Rsharp_app_release|Any CPU
		Rsharp_app_release|x64 = Rsharp_app_release|x64
		Rsharp_app_release|x86 = Rsharp_app_release|x86
	EndGlobalSection
	GlobalSection(ProjectConfigurationPlatforms) = postSolution
		{D077D50D-8EF6-4044-9D40-565020222ECD}.CFD_win32|Any CPU.ActiveCfg = Debug|Any CPU
		{D077D50D-8EF6-4044-9D40-565020222ECD}.CFD_win32|Any CPU.Build.0 = Debug|Any CPU
		{D077D50D-8EF6-4044-9D40-565020222ECD}.CFD_win32|x64.ActiveCfg = Debug|Any CPU
		{D077D50D-8EF6-4044-9D40-565020222ECD}.CFD_win32|x64.Build.0 = Debug|Any CPU
		{D077D50D-8EF6-4044-9D40-565020222ECD}.CFD_win32|x86.ActiveCfg = Debug|Any CPU
		{D077D50D-8EF6-4044-9D40-565020222ECD}.CFD_win32|x86.Build.0 = Debug|Any CPU
		{D077D50D-8EF6-4044-9D40-565020222ECD}.Debug|Any CPU.ActiveCfg = Debug|Any CPU
		{D077D50D-8EF6-4044-9D40-565020222ECD}.Debug|Any CPU.Build.0 = Debug|Any CPU
		{D077D50D-8EF6-4044-9D40-565020222ECD}.Debug|x64.ActiveCfg = Debug|x64
		{D077D50D-8EF6-4044-9D40-565020222ECD}.Debug|x64.Build.0 = Debug|x64
		{D077D50D-8EF6-4044-9D40-565020222ECD}.Debug|x86.ActiveCfg = Debug|Any CPU
		{D077D50D-8EF6-4044-9D40-565020222ECD}.Debug|x86.Build.0 = Debug|Any CPU
		{D077D50D-8EF6-4044-9D40-565020222ECD}.Desktop|Any CPU.ActiveCfg = Debug|Any CPU
		{D077D50D-8EF6-4044-9D40-565020222ECD}.Desktop|Any CPU.Build.0 = Debug|Any CPU
		{D077D50D-8EF6-4044-9D40-565020222ECD}.Desktop|x64.ActiveCfg = Debug|Any CPU
		{D077D50D-8EF6-4044-9D40-565020222ECD}.Desktop|x64.Build.0 = Debug|Any CPU
		{D077D50D-8EF6-4044-9D40-565020222ECD}.Desktop|x86.ActiveCfg = Debug|Any CPU
		{D077D50D-8EF6-4044-9D40-565020222ECD}.Desktop|x86.Build.0 = Debug|Any CPU
		{D077D50D-8EF6-4044-9D40-565020222ECD}.Docker|Any CPU.ActiveCfg = Debug|Any CPU
		{D077D50D-8EF6-4044-9D40-565020222ECD}.Docker|Any CPU.Build.0 = Debug|Any CPU
		{D077D50D-8EF6-4044-9D40-565020222ECD}.Docker|x64.ActiveCfg = Debug|Any CPU
		{D077D50D-8EF6-4044-9D40-565020222ECD}.Docker|x64.Build.0 = Debug|Any CPU
		{D077D50D-8EF6-4044-9D40-565020222ECD}.Docker|x86.ActiveCfg = Debug|Any CPU
		{D077D50D-8EF6-4044-9D40-565020222ECD}.Docker|x86.Build.0 = Debug|Any CPU
		{D077D50D-8EF6-4044-9D40-565020222ECD}.gcmodeller_desktop|Any CPU.ActiveCfg = Debug|Any CPU
		{D077D50D-8EF6-4044-9D40-565020222ECD}.gcmodeller_desktop|Any CPU.Build.0 = Debug|Any CPU
		{D077D50D-8EF6-4044-9D40-565020222ECD}.gcmodeller_desktop|x64.ActiveCfg = Debug|Any CPU
		{D077D50D-8EF6-4044-9D40-565020222ECD}.gcmodeller_desktop|x64.Build.0 = Debug|Any CPU
		{D077D50D-8EF6-4044-9D40-565020222ECD}.gcmodeller_desktop|x86.ActiveCfg = Debug|Any CPU
		{D077D50D-8EF6-4044-9D40-565020222ECD}.gcmodeller_desktop|x86.Build.0 = Debug|Any CPU
		{D077D50D-8EF6-4044-9D40-565020222ECD}.LipidSearch|Any CPU.ActiveCfg = Debug|Any CPU
		{D077D50D-8EF6-4044-9D40-565020222ECD}.LipidSearch|Any CPU.Build.0 = Debug|Any CPU
		{D077D50D-8EF6-4044-9D40-565020222ECD}.LipidSearch|x64.ActiveCfg = Debug|Any CPU
		{D077D50D-8EF6-4044-9D40-565020222ECD}.LipidSearch|x64.Build.0 = Debug|Any CPU
		{D077D50D-8EF6-4044-9D40-565020222ECD}.LipidSearch|x86.ActiveCfg = Debug|Any CPU
		{D077D50D-8EF6-4044-9D40-565020222ECD}.LipidSearch|x86.Build.0 = Debug|Any CPU
		{D077D50D-8EF6-4044-9D40-565020222ECD}.mzkit_win32|Any CPU.ActiveCfg = Debug|Any CPU
		{D077D50D-8EF6-4044-9D40-565020222ECD}.mzkit_win32|Any CPU.Build.0 = Debug|Any CPU
		{D077D50D-8EF6-4044-9D40-565020222ECD}.mzkit_win32|x64.ActiveCfg = Debug|Any CPU
		{D077D50D-8EF6-4044-9D40-565020222ECD}.mzkit_win32|x64.Build.0 = Debug|Any CPU
		{D077D50D-8EF6-4044-9D40-565020222ECD}.mzkit_win32|x86.ActiveCfg = Debug|Any CPU
		{D077D50D-8EF6-4044-9D40-565020222ECD}.mzkit_win32|x86.Build.0 = Debug|Any CPU
		{D077D50D-8EF6-4044-9D40-565020222ECD}.mzkit|Any CPU.ActiveCfg = Debug|Any CPU
		{D077D50D-8EF6-4044-9D40-565020222ECD}.mzkit|Any CPU.Build.0 = Debug|Any CPU
		{D077D50D-8EF6-4044-9D40-565020222ECD}.mzkit|x64.ActiveCfg = Debug|Any CPU
		{D077D50D-8EF6-4044-9D40-565020222ECD}.mzkit|x64.Build.0 = Debug|Any CPU
		{D077D50D-8EF6-4044-9D40-565020222ECD}.mzkit|x86.ActiveCfg = Debug|Any CPU
		{D077D50D-8EF6-4044-9D40-565020222ECD}.mzkit|x86.Build.0 = Debug|Any CPU
		{D077D50D-8EF6-4044-9D40-565020222ECD}.NPSearch|Any CPU.ActiveCfg = Debug|Any CPU
		{D077D50D-8EF6-4044-9D40-565020222ECD}.NPSearch|Any CPU.Build.0 = Debug|Any CPU
		{D077D50D-8EF6-4044-9D40-565020222ECD}.NPSearch|x64.ActiveCfg = Debug|Any CPU
		{D077D50D-8EF6-4044-9D40-565020222ECD}.NPSearch|x64.Build.0 = Debug|Any CPU
		{D077D50D-8EF6-4044-9D40-565020222ECD}.NPSearch|x86.ActiveCfg = Debug|Any CPU
		{D077D50D-8EF6-4044-9D40-565020222ECD}.NPSearch|x86.Build.0 = Debug|Any CPU
		{D077D50D-8EF6-4044-9D40-565020222ECD}.nuget_release|Any CPU.ActiveCfg = Debug|Any CPU
		{D077D50D-8EF6-4044-9D40-565020222ECD}.nuget_release|Any CPU.Build.0 = Debug|Any CPU
		{D077D50D-8EF6-4044-9D40-565020222ECD}.nuget_release|x64.ActiveCfg = Debug|Any CPU
		{D077D50D-8EF6-4044-9D40-565020222ECD}.nuget_release|x64.Build.0 = Debug|Any CPU
		{D077D50D-8EF6-4044-9D40-565020222ECD}.nuget_release|x86.ActiveCfg = Debug|Any CPU
		{D077D50D-8EF6-4044-9D40-565020222ECD}.nuget_release|x86.Build.0 = Debug|Any CPU
		{D077D50D-8EF6-4044-9D40-565020222ECD}.PlantMAT|Any CPU.ActiveCfg = Debug|Any CPU
		{D077D50D-8EF6-4044-9D40-565020222ECD}.PlantMAT|Any CPU.Build.0 = Debug|Any CPU
		{D077D50D-8EF6-4044-9D40-565020222ECD}.PlantMAT|x64.ActiveCfg = Debug|Any CPU
		{D077D50D-8EF6-4044-9D40-565020222ECD}.PlantMAT|x64.Build.0 = Debug|Any CPU
		{D077D50D-8EF6-4044-9D40-565020222ECD}.PlantMAT|x86.ActiveCfg = Debug|Any CPU
		{D077D50D-8EF6-4044-9D40-565020222ECD}.PlantMAT|x86.Build.0 = Debug|Any CPU
		{D077D50D-8EF6-4044-9D40-565020222ECD}.Release|Any CPU.ActiveCfg = Release|Any CPU
		{D077D50D-8EF6-4044-9D40-565020222ECD}.Release|Any CPU.Build.0 = Release|Any CPU
		{D077D50D-8EF6-4044-9D40-565020222ECD}.Release|x64.ActiveCfg = Release|Any CPU
		{D077D50D-8EF6-4044-9D40-565020222ECD}.Release|x64.Build.0 = Release|Any CPU
		{D077D50D-8EF6-4044-9D40-565020222ECD}.Release|x86.ActiveCfg = Release|Any CPU
		{D077D50D-8EF6-4044-9D40-565020222ECD}.Release|x86.Build.0 = Release|Any CPU
		{D077D50D-8EF6-4044-9D40-565020222ECD}.Rsharp_app_release|Any CPU.ActiveCfg = Release|Any CPU
		{D077D50D-8EF6-4044-9D40-565020222ECD}.Rsharp_app_release|Any CPU.Build.0 = Release|Any CPU
		{D077D50D-8EF6-4044-9D40-565020222ECD}.Rsharp_app_release|x64.ActiveCfg = Rsharp_app_release|x64
		{D077D50D-8EF6-4044-9D40-565020222ECD}.Rsharp_app_release|x64.Build.0 = Rsharp_app_release|x64
		{D077D50D-8EF6-4044-9D40-565020222ECD}.Rsharp_app_release|x86.ActiveCfg = Release|Any CPU
		{D077D50D-8EF6-4044-9D40-565020222ECD}.Rsharp_app_release|x86.Build.0 = Release|Any CPU
		{04166C0D-98E2-48A4-BF51-E1F45CFB91AE}.CFD_win32|Any CPU.ActiveCfg = CFD_win32|Any CPU
		{04166C0D-98E2-48A4-BF51-E1F45CFB91AE}.CFD_win32|Any CPU.Build.0 = CFD_win32|Any CPU
		{04166C0D-98E2-48A4-BF51-E1F45CFB91AE}.CFD_win32|x64.ActiveCfg = CFD_win32|x64
		{04166C0D-98E2-48A4-BF51-E1F45CFB91AE}.CFD_win32|x64.Build.0 = CFD_win32|x64
		{04166C0D-98E2-48A4-BF51-E1F45CFB91AE}.CFD_win32|x86.ActiveCfg = CFD_win32|x86
		{04166C0D-98E2-48A4-BF51-E1F45CFB91AE}.CFD_win32|x86.Build.0 = CFD_win32|x86
		{04166C0D-98E2-48A4-BF51-E1F45CFB91AE}.Debug|Any CPU.ActiveCfg = Debug|Any CPU
		{04166C0D-98E2-48A4-BF51-E1F45CFB91AE}.Debug|Any CPU.Build.0 = Debug|Any CPU
		{04166C0D-98E2-48A4-BF51-E1F45CFB91AE}.Debug|x64.ActiveCfg = Debug|x64
		{04166C0D-98E2-48A4-BF51-E1F45CFB91AE}.Debug|x64.Build.0 = Debug|x64
		{04166C0D-98E2-48A4-BF51-E1F45CFB91AE}.Debug|x86.ActiveCfg = Debug|x86
		{04166C0D-98E2-48A4-BF51-E1F45CFB91AE}.Debug|x86.Build.0 = Debug|x86
		{04166C0D-98E2-48A4-BF51-E1F45CFB91AE}.Desktop|Any CPU.ActiveCfg = Desktop|Any CPU
		{04166C0D-98E2-48A4-BF51-E1F45CFB91AE}.Desktop|Any CPU.Build.0 = Desktop|Any CPU
		{04166C0D-98E2-48A4-BF51-E1F45CFB91AE}.Desktop|x64.ActiveCfg = Desktop|x64
		{04166C0D-98E2-48A4-BF51-E1F45CFB91AE}.Desktop|x64.Build.0 = Desktop|x64
		{04166C0D-98E2-48A4-BF51-E1F45CFB91AE}.Desktop|x86.ActiveCfg = Desktop|x86
		{04166C0D-98E2-48A4-BF51-E1F45CFB91AE}.Desktop|x86.Build.0 = Desktop|x86
		{04166C0D-98E2-48A4-BF51-E1F45CFB91AE}.Docker|Any CPU.ActiveCfg = Docker|Any CPU
		{04166C0D-98E2-48A4-BF51-E1F45CFB91AE}.Docker|Any CPU.Build.0 = Docker|Any CPU
		{04166C0D-98E2-48A4-BF51-E1F45CFB91AE}.Docker|x64.ActiveCfg = Docker|x64
		{04166C0D-98E2-48A4-BF51-E1F45CFB91AE}.Docker|x64.Build.0 = Docker|x64
		{04166C0D-98E2-48A4-BF51-E1F45CFB91AE}.Docker|x86.ActiveCfg = Docker|x86
		{04166C0D-98E2-48A4-BF51-E1F45CFB91AE}.Docker|x86.Build.0 = Docker|x86
		{04166C0D-98E2-48A4-BF51-E1F45CFB91AE}.gcmodeller_desktop|Any CPU.ActiveCfg = gcmodeller_desktop|Any CPU
		{04166C0D-98E2-48A4-BF51-E1F45CFB91AE}.gcmodeller_desktop|Any CPU.Build.0 = gcmodeller_desktop|Any CPU
		{04166C0D-98E2-48A4-BF51-E1F45CFB91AE}.gcmodeller_desktop|x64.ActiveCfg = gcmodeller_desktop|x64
		{04166C0D-98E2-48A4-BF51-E1F45CFB91AE}.gcmodeller_desktop|x64.Build.0 = gcmodeller_desktop|x64
		{04166C0D-98E2-48A4-BF51-E1F45CFB91AE}.gcmodeller_desktop|x86.ActiveCfg = gcmodeller_desktop|x86
		{04166C0D-98E2-48A4-BF51-E1F45CFB91AE}.gcmodeller_desktop|x86.Build.0 = gcmodeller_desktop|x86
		{04166C0D-98E2-48A4-BF51-E1F45CFB91AE}.LipidSearch|Any CPU.ActiveCfg = LipidSearch|Any CPU
		{04166C0D-98E2-48A4-BF51-E1F45CFB91AE}.LipidSearch|Any CPU.Build.0 = LipidSearch|Any CPU
		{04166C0D-98E2-48A4-BF51-E1F45CFB91AE}.LipidSearch|x64.ActiveCfg = LipidSearch|x64
		{04166C0D-98E2-48A4-BF51-E1F45CFB91AE}.LipidSearch|x64.Build.0 = LipidSearch|x64
		{04166C0D-98E2-48A4-BF51-E1F45CFB91AE}.LipidSearch|x86.ActiveCfg = LipidSearch|x86
		{04166C0D-98E2-48A4-BF51-E1F45CFB91AE}.LipidSearch|x86.Build.0 = LipidSearch|x86
		{04166C0D-98E2-48A4-BF51-E1F45CFB91AE}.mzkit_win32|Any CPU.ActiveCfg = mzkit_win32|Any CPU
		{04166C0D-98E2-48A4-BF51-E1F45CFB91AE}.mzkit_win32|Any CPU.Build.0 = mzkit_win32|Any CPU
		{04166C0D-98E2-48A4-BF51-E1F45CFB91AE}.mzkit_win32|x64.ActiveCfg = mzkit_win32|x64
		{04166C0D-98E2-48A4-BF51-E1F45CFB91AE}.mzkit_win32|x64.Build.0 = mzkit_win32|x64
		{04166C0D-98E2-48A4-BF51-E1F45CFB91AE}.mzkit_win32|x86.ActiveCfg = mzkit_win32|x86
		{04166C0D-98E2-48A4-BF51-E1F45CFB91AE}.mzkit_win32|x86.Build.0 = mzkit_win32|x86
		{04166C0D-98E2-48A4-BF51-E1F45CFB91AE}.mzkit|Any CPU.ActiveCfg = mzkit|Any CPU
		{04166C0D-98E2-48A4-BF51-E1F45CFB91AE}.mzkit|Any CPU.Build.0 = mzkit|Any CPU
		{04166C0D-98E2-48A4-BF51-E1F45CFB91AE}.mzkit|x64.ActiveCfg = mzkit|x64
		{04166C0D-98E2-48A4-BF51-E1F45CFB91AE}.mzkit|x64.Build.0 = mzkit|x64
		{04166C0D-98E2-48A4-BF51-E1F45CFB91AE}.mzkit|x86.ActiveCfg = mzkit|x86
		{04166C0D-98E2-48A4-BF51-E1F45CFB91AE}.mzkit|x86.Build.0 = mzkit|x86
		{04166C0D-98E2-48A4-BF51-E1F45CFB91AE}.NPSearch|Any CPU.ActiveCfg = NPSearch|Any CPU
		{04166C0D-98E2-48A4-BF51-E1F45CFB91AE}.NPSearch|Any CPU.Build.0 = NPSearch|Any CPU
		{04166C0D-98E2-48A4-BF51-E1F45CFB91AE}.NPSearch|x64.ActiveCfg = NPSearch|x64
		{04166C0D-98E2-48A4-BF51-E1F45CFB91AE}.NPSearch|x64.Build.0 = NPSearch|x64
		{04166C0D-98E2-48A4-BF51-E1F45CFB91AE}.NPSearch|x86.ActiveCfg = NPSearch|x86
		{04166C0D-98E2-48A4-BF51-E1F45CFB91AE}.NPSearch|x86.Build.0 = NPSearch|x86
		{04166C0D-98E2-48A4-BF51-E1F45CFB91AE}.nuget_release|Any CPU.ActiveCfg = nuget_release|Any CPU
		{04166C0D-98E2-48A4-BF51-E1F45CFB91AE}.nuget_release|Any CPU.Build.0 = nuget_release|Any CPU
		{04166C0D-98E2-48A4-BF51-E1F45CFB91AE}.nuget_release|x64.ActiveCfg = nuget_release|x64
		{04166C0D-98E2-48A4-BF51-E1F45CFB91AE}.nuget_release|x64.Build.0 = nuget_release|x64
		{04166C0D-98E2-48A4-BF51-E1F45CFB91AE}.nuget_release|x86.ActiveCfg = nuget_release|x86
		{04166C0D-98E2-48A4-BF51-E1F45CFB91AE}.nuget_release|x86.Build.0 = nuget_release|x86
		{04166C0D-98E2-48A4-BF51-E1F45CFB91AE}.PlantMAT|Any CPU.ActiveCfg = PlantMAT|Any CPU
		{04166C0D-98E2-48A4-BF51-E1F45CFB91AE}.PlantMAT|Any CPU.Build.0 = PlantMAT|Any CPU
		{04166C0D-98E2-48A4-BF51-E1F45CFB91AE}.PlantMAT|x64.ActiveCfg = PlantMAT|x64
		{04166C0D-98E2-48A4-BF51-E1F45CFB91AE}.PlantMAT|x64.Build.0 = PlantMAT|x64
		{04166C0D-98E2-48A4-BF51-E1F45CFB91AE}.PlantMAT|x86.ActiveCfg = PlantMAT|x86
		{04166C0D-98E2-48A4-BF51-E1F45CFB91AE}.PlantMAT|x86.Build.0 = PlantMAT|x86
		{04166C0D-98E2-48A4-BF51-E1F45CFB91AE}.Release|Any CPU.ActiveCfg = Release|Any CPU
		{04166C0D-98E2-48A4-BF51-E1F45CFB91AE}.Release|Any CPU.Build.0 = Release|Any CPU
		{04166C0D-98E2-48A4-BF51-E1F45CFB91AE}.Release|x64.ActiveCfg = Release|x64
		{04166C0D-98E2-48A4-BF51-E1F45CFB91AE}.Release|x64.Build.0 = Release|x64
		{04166C0D-98E2-48A4-BF51-E1F45CFB91AE}.Release|x86.ActiveCfg = Release|x86
		{04166C0D-98E2-48A4-BF51-E1F45CFB91AE}.Release|x86.Build.0 = Release|x86
		{04166C0D-98E2-48A4-BF51-E1F45CFB91AE}.Rsharp_app_release|Any CPU.ActiveCfg = Rsharp_app_release|Any CPU
		{04166C0D-98E2-48A4-BF51-E1F45CFB91AE}.Rsharp_app_release|Any CPU.Build.0 = Rsharp_app_release|Any CPU
		{04166C0D-98E2-48A4-BF51-E1F45CFB91AE}.Rsharp_app_release|x64.ActiveCfg = Rsharp_app_release|x64
		{04166C0D-98E2-48A4-BF51-E1F45CFB91AE}.Rsharp_app_release|x64.Build.0 = Rsharp_app_release|x64
		{04166C0D-98E2-48A4-BF51-E1F45CFB91AE}.Rsharp_app_release|x86.ActiveCfg = Rsharp_app_release|x86
		{04166C0D-98E2-48A4-BF51-E1F45CFB91AE}.Rsharp_app_release|x86.Build.0 = Rsharp_app_release|x86
		{51207BBF-319F-434E-A20D-56EDDE47C7D6}.CFD_win32|Any CPU.ActiveCfg = CFD_win32|Any CPU
		{51207BBF-319F-434E-A20D-56EDDE47C7D6}.CFD_win32|Any CPU.Build.0 = CFD_win32|Any CPU
		{51207BBF-319F-434E-A20D-56EDDE47C7D6}.CFD_win32|x64.ActiveCfg = CFD_win32|x64
		{51207BBF-319F-434E-A20D-56EDDE47C7D6}.CFD_win32|x64.Build.0 = CFD_win32|x64
		{51207BBF-319F-434E-A20D-56EDDE47C7D6}.CFD_win32|x86.ActiveCfg = CFD_win32|x86
		{51207BBF-319F-434E-A20D-56EDDE47C7D6}.CFD_win32|x86.Build.0 = CFD_win32|x86
		{51207BBF-319F-434E-A20D-56EDDE47C7D6}.Debug|Any CPU.ActiveCfg = Debug|Any CPU
		{51207BBF-319F-434E-A20D-56EDDE47C7D6}.Debug|Any CPU.Build.0 = Debug|Any CPU
		{51207BBF-319F-434E-A20D-56EDDE47C7D6}.Debug|x64.ActiveCfg = Debug|x64
		{51207BBF-319F-434E-A20D-56EDDE47C7D6}.Debug|x64.Build.0 = Debug|x64
		{51207BBF-319F-434E-A20D-56EDDE47C7D6}.Debug|x86.ActiveCfg = Debug|x86
		{51207BBF-319F-434E-A20D-56EDDE47C7D6}.Debug|x86.Build.0 = Debug|x86
		{51207BBF-319F-434E-A20D-56EDDE47C7D6}.Desktop|Any CPU.ActiveCfg = Desktop|Any CPU
		{51207BBF-319F-434E-A20D-56EDDE47C7D6}.Desktop|Any CPU.Build.0 = Desktop|Any CPU
		{51207BBF-319F-434E-A20D-56EDDE47C7D6}.Desktop|x64.ActiveCfg = Desktop|x64
		{51207BBF-319F-434E-A20D-56EDDE47C7D6}.Desktop|x64.Build.0 = Desktop|x64
		{51207BBF-319F-434E-A20D-56EDDE47C7D6}.Desktop|x86.ActiveCfg = Desktop|x86
		{51207BBF-319F-434E-A20D-56EDDE47C7D6}.Desktop|x86.Build.0 = Desktop|x86
		{51207BBF-319F-434E-A20D-56EDDE47C7D6}.Docker|Any CPU.ActiveCfg = Desktop|Any CPU
		{51207BBF-319F-434E-A20D-56EDDE47C7D6}.Docker|Any CPU.Build.0 = Desktop|Any CPU
		{51207BBF-319F-434E-A20D-56EDDE47C7D6}.Docker|x64.ActiveCfg = Desktop|x64
		{51207BBF-319F-434E-A20D-56EDDE47C7D6}.Docker|x64.Build.0 = Desktop|x64
		{51207BBF-319F-434E-A20D-56EDDE47C7D6}.Docker|x86.ActiveCfg = Desktop|x86
		{51207BBF-319F-434E-A20D-56EDDE47C7D6}.Docker|x86.Build.0 = Desktop|x86
		{51207BBF-319F-434E-A20D-56EDDE47C7D6}.gcmodeller_desktop|Any CPU.ActiveCfg = gcmodeller_desktop|Any CPU
		{51207BBF-319F-434E-A20D-56EDDE47C7D6}.gcmodeller_desktop|Any CPU.Build.0 = gcmodeller_desktop|Any CPU
		{51207BBF-319F-434E-A20D-56EDDE47C7D6}.gcmodeller_desktop|x64.ActiveCfg = gcmodeller_desktop|x64
		{51207BBF-319F-434E-A20D-56EDDE47C7D6}.gcmodeller_desktop|x64.Build.0 = gcmodeller_desktop|x64
		{51207BBF-319F-434E-A20D-56EDDE47C7D6}.gcmodeller_desktop|x86.ActiveCfg = gcmodeller_desktop|x86
		{51207BBF-319F-434E-A20D-56EDDE47C7D6}.gcmodeller_desktop|x86.Build.0 = gcmodeller_desktop|x86
		{51207BBF-319F-434E-A20D-56EDDE47C7D6}.LipidSearch|Any CPU.ActiveCfg = LipidSearch|Any CPU
		{51207BBF-319F-434E-A20D-56EDDE47C7D6}.LipidSearch|Any CPU.Build.0 = LipidSearch|Any CPU
		{51207BBF-319F-434E-A20D-56EDDE47C7D6}.LipidSearch|x64.ActiveCfg = LipidSearch|x64
		{51207BBF-319F-434E-A20D-56EDDE47C7D6}.LipidSearch|x64.Build.0 = LipidSearch|x64
		{51207BBF-319F-434E-A20D-56EDDE47C7D6}.LipidSearch|x86.ActiveCfg = LipidSearch|x86
		{51207BBF-319F-434E-A20D-56EDDE47C7D6}.LipidSearch|x86.Build.0 = LipidSearch|x86
		{51207BBF-319F-434E-A20D-56EDDE47C7D6}.mzkit_win32|Any CPU.ActiveCfg = mzkit_win32|Any CPU
		{51207BBF-319F-434E-A20D-56EDDE47C7D6}.mzkit_win32|Any CPU.Build.0 = mzkit_win32|Any CPU
		{51207BBF-319F-434E-A20D-56EDDE47C7D6}.mzkit_win32|x64.ActiveCfg = mzkit_win32|x64
		{51207BBF-319F-434E-A20D-56EDDE47C7D6}.mzkit_win32|x64.Build.0 = mzkit_win32|x64
		{51207BBF-319F-434E-A20D-56EDDE47C7D6}.mzkit_win32|x86.ActiveCfg = mzkit_win32|x86
		{51207BBF-319F-434E-A20D-56EDDE47C7D6}.mzkit_win32|x86.Build.0 = mzkit_win32|x86
		{51207BBF-319F-434E-A20D-56EDDE47C7D6}.mzkit|Any CPU.ActiveCfg = mzkit|Any CPU
		{51207BBF-319F-434E-A20D-56EDDE47C7D6}.mzkit|Any CPU.Build.0 = mzkit|Any CPU
		{51207BBF-319F-434E-A20D-56EDDE47C7D6}.mzkit|x64.ActiveCfg = mzkit|x64
		{51207BBF-319F-434E-A20D-56EDDE47C7D6}.mzkit|x64.Build.0 = mzkit|x64
		{51207BBF-319F-434E-A20D-56EDDE47C7D6}.mzkit|x86.ActiveCfg = mzkit|x86
		{51207BBF-319F-434E-A20D-56EDDE47C7D6}.mzkit|x86.Build.0 = mzkit|x86
		{51207BBF-319F-434E-A20D-56EDDE47C7D6}.NPSearch|Any CPU.ActiveCfg = NPSearch|Any CPU
		{51207BBF-319F-434E-A20D-56EDDE47C7D6}.NPSearch|Any CPU.Build.0 = NPSearch|Any CPU
		{51207BBF-319F-434E-A20D-56EDDE47C7D6}.NPSearch|x64.ActiveCfg = NPSearch|x64
		{51207BBF-319F-434E-A20D-56EDDE47C7D6}.NPSearch|x64.Build.0 = NPSearch|x64
		{51207BBF-319F-434E-A20D-56EDDE47C7D6}.NPSearch|x86.ActiveCfg = NPSearch|x86
		{51207BBF-319F-434E-A20D-56EDDE47C7D6}.NPSearch|x86.Build.0 = NPSearch|x86
		{51207BBF-319F-434E-A20D-56EDDE47C7D6}.nuget_release|Any CPU.ActiveCfg = nuget_release|Any CPU
		{51207BBF-319F-434E-A20D-56EDDE47C7D6}.nuget_release|Any CPU.Build.0 = nuget_release|Any CPU
		{51207BBF-319F-434E-A20D-56EDDE47C7D6}.nuget_release|x64.ActiveCfg = nuget_release|x64
		{51207BBF-319F-434E-A20D-56EDDE47C7D6}.nuget_release|x64.Build.0 = nuget_release|x64
		{51207BBF-319F-434E-A20D-56EDDE47C7D6}.nuget_release|x86.ActiveCfg = nuget_release|x86
		{51207BBF-319F-434E-A20D-56EDDE47C7D6}.nuget_release|x86.Build.0 = nuget_release|x86
		{51207BBF-319F-434E-A20D-56EDDE47C7D6}.PlantMAT|Any CPU.ActiveCfg = PlantMAT|Any CPU
		{51207BBF-319F-434E-A20D-56EDDE47C7D6}.PlantMAT|Any CPU.Build.0 = PlantMAT|Any CPU
		{51207BBF-319F-434E-A20D-56EDDE47C7D6}.PlantMAT|x64.ActiveCfg = PlantMAT|x64
		{51207BBF-319F-434E-A20D-56EDDE47C7D6}.PlantMAT|x64.Build.0 = PlantMAT|x64
		{51207BBF-319F-434E-A20D-56EDDE47C7D6}.PlantMAT|x86.ActiveCfg = PlantMAT|x86
		{51207BBF-319F-434E-A20D-56EDDE47C7D6}.PlantMAT|x86.Build.0 = PlantMAT|x86
		{51207BBF-319F-434E-A20D-56EDDE47C7D6}.Release|Any CPU.ActiveCfg = Release|Any CPU
		{51207BBF-319F-434E-A20D-56EDDE47C7D6}.Release|Any CPU.Build.0 = Release|Any CPU
		{51207BBF-319F-434E-A20D-56EDDE47C7D6}.Release|x64.ActiveCfg = Release|x64
		{51207BBF-319F-434E-A20D-56EDDE47C7D6}.Release|x64.Build.0 = Release|x64
		{51207BBF-319F-434E-A20D-56EDDE47C7D6}.Release|x86.ActiveCfg = Release|x86
		{51207BBF-319F-434E-A20D-56EDDE47C7D6}.Release|x86.Build.0 = Release|x86
		{51207BBF-319F-434E-A20D-56EDDE47C7D6}.Rsharp_app_release|Any CPU.ActiveCfg = Rsharp_app_release|Any CPU
		{51207BBF-319F-434E-A20D-56EDDE47C7D6}.Rsharp_app_release|Any CPU.Build.0 = Rsharp_app_release|Any CPU
		{51207BBF-319F-434E-A20D-56EDDE47C7D6}.Rsharp_app_release|x64.ActiveCfg = Rsharp_app_release|x64
		{51207BBF-319F-434E-A20D-56EDDE47C7D6}.Rsharp_app_release|x64.Build.0 = Rsharp_app_release|x64
		{51207BBF-319F-434E-A20D-56EDDE47C7D6}.Rsharp_app_release|x86.ActiveCfg = Rsharp_app_release|x86
		{51207BBF-319F-434E-A20D-56EDDE47C7D6}.Rsharp_app_release|x86.Build.0 = Rsharp_app_release|x86
		{6456F7C5-559F-4E33-B9A0-6C067786A302}.CFD_win32|Any CPU.ActiveCfg = Debug|Any CPU
		{6456F7C5-559F-4E33-B9A0-6C067786A302}.CFD_win32|Any CPU.Build.0 = Debug|Any CPU
		{6456F7C5-559F-4E33-B9A0-6C067786A302}.CFD_win32|x64.ActiveCfg = Debug|x64
		{6456F7C5-559F-4E33-B9A0-6C067786A302}.CFD_win32|x64.Build.0 = Debug|x64
		{6456F7C5-559F-4E33-B9A0-6C067786A302}.CFD_win32|x86.ActiveCfg = Debug|Any CPU
		{6456F7C5-559F-4E33-B9A0-6C067786A302}.CFD_win32|x86.Build.0 = Debug|Any CPU
		{6456F7C5-559F-4E33-B9A0-6C067786A302}.Debug|Any CPU.ActiveCfg = Debug|Any CPU
		{6456F7C5-559F-4E33-B9A0-6C067786A302}.Debug|Any CPU.Build.0 = Debug|Any CPU
		{6456F7C5-559F-4E33-B9A0-6C067786A302}.Debug|x64.ActiveCfg = Debug|x64
		{6456F7C5-559F-4E33-B9A0-6C067786A302}.Debug|x64.Build.0 = Debug|x64
		{6456F7C5-559F-4E33-B9A0-6C067786A302}.Debug|x86.ActiveCfg = Debug|Any CPU
		{6456F7C5-559F-4E33-B9A0-6C067786A302}.Debug|x86.Build.0 = Debug|Any CPU
		{6456F7C5-559F-4E33-B9A0-6C067786A302}.Desktop|Any CPU.ActiveCfg = Debug|Any CPU
		{6456F7C5-559F-4E33-B9A0-6C067786A302}.Desktop|Any CPU.Build.0 = Debug|Any CPU
		{6456F7C5-559F-4E33-B9A0-6C067786A302}.Desktop|x64.ActiveCfg = Debug|x64
		{6456F7C5-559F-4E33-B9A0-6C067786A302}.Desktop|x64.Build.0 = Debug|x64
		{6456F7C5-559F-4E33-B9A0-6C067786A302}.Desktop|x86.ActiveCfg = Debug|Any CPU
		{6456F7C5-559F-4E33-B9A0-6C067786A302}.Desktop|x86.Build.0 = Debug|Any CPU
		{6456F7C5-559F-4E33-B9A0-6C067786A302}.Docker|Any CPU.ActiveCfg = Debug|Any CPU
		{6456F7C5-559F-4E33-B9A0-6C067786A302}.Docker|Any CPU.Build.0 = Debug|Any CPU
		{6456F7C5-559F-4E33-B9A0-6C067786A302}.Docker|x64.ActiveCfg = Debug|x64
		{6456F7C5-559F-4E33-B9A0-6C067786A302}.Docker|x64.Build.0 = Debug|x64
		{6456F7C5-559F-4E33-B9A0-6C067786A302}.Docker|x86.ActiveCfg = Debug|Any CPU
		{6456F7C5-559F-4E33-B9A0-6C067786A302}.Docker|x86.Build.0 = Debug|Any CPU
		{6456F7C5-559F-4E33-B9A0-6C067786A302}.gcmodeller_desktop|Any CPU.ActiveCfg = gcmodeller_desktop|Any CPU
		{6456F7C5-559F-4E33-B9A0-6C067786A302}.gcmodeller_desktop|Any CPU.Build.0 = gcmodeller_desktop|Any CPU
		{6456F7C5-559F-4E33-B9A0-6C067786A302}.gcmodeller_desktop|x64.ActiveCfg = gcmodeller_desktop|x64
		{6456F7C5-559F-4E33-B9A0-6C067786A302}.gcmodeller_desktop|x64.Build.0 = gcmodeller_desktop|x64
		{6456F7C5-559F-4E33-B9A0-6C067786A302}.gcmodeller_desktop|x86.ActiveCfg = gcmodeller_desktop|Any CPU
		{6456F7C5-559F-4E33-B9A0-6C067786A302}.gcmodeller_desktop|x86.Build.0 = gcmodeller_desktop|Any CPU
		{6456F7C5-559F-4E33-B9A0-6C067786A302}.LipidSearch|Any CPU.ActiveCfg = LipidSearch|Any CPU
		{6456F7C5-559F-4E33-B9A0-6C067786A302}.LipidSearch|Any CPU.Build.0 = LipidSearch|Any CPU
		{6456F7C5-559F-4E33-B9A0-6C067786A302}.LipidSearch|x64.ActiveCfg = LipidSearch|x64
		{6456F7C5-559F-4E33-B9A0-6C067786A302}.LipidSearch|x64.Build.0 = LipidSearch|x64
		{6456F7C5-559F-4E33-B9A0-6C067786A302}.LipidSearch|x86.ActiveCfg = LipidSearch|Any CPU
		{6456F7C5-559F-4E33-B9A0-6C067786A302}.LipidSearch|x86.Build.0 = LipidSearch|Any CPU
		{6456F7C5-559F-4E33-B9A0-6C067786A302}.mzkit_win32|Any CPU.ActiveCfg = mzkit_win32|Any CPU
		{6456F7C5-559F-4E33-B9A0-6C067786A302}.mzkit_win32|Any CPU.Build.0 = mzkit_win32|Any CPU
		{6456F7C5-559F-4E33-B9A0-6C067786A302}.mzkit_win32|x64.ActiveCfg = mzkit_win32|x64
		{6456F7C5-559F-4E33-B9A0-6C067786A302}.mzkit_win32|x64.Build.0 = mzkit_win32|x64
		{6456F7C5-559F-4E33-B9A0-6C067786A302}.mzkit_win32|x86.ActiveCfg = mzkit_win32|Any CPU
		{6456F7C5-559F-4E33-B9A0-6C067786A302}.mzkit_win32|x86.Build.0 = mzkit_win32|Any CPU
		{6456F7C5-559F-4E33-B9A0-6C067786A302}.mzkit|Any CPU.ActiveCfg = mzkit|Any CPU
		{6456F7C5-559F-4E33-B9A0-6C067786A302}.mzkit|Any CPU.Build.0 = mzkit|Any CPU
		{6456F7C5-559F-4E33-B9A0-6C067786A302}.mzkit|x64.ActiveCfg = mzkit|x64
		{6456F7C5-559F-4E33-B9A0-6C067786A302}.mzkit|x64.Build.0 = mzkit|x64
		{6456F7C5-559F-4E33-B9A0-6C067786A302}.mzkit|x86.ActiveCfg = mzkit|Any CPU
		{6456F7C5-559F-4E33-B9A0-6C067786A302}.mzkit|x86.Build.0 = mzkit|Any CPU
		{6456F7C5-559F-4E33-B9A0-6C067786A302}.NPSearch|Any CPU.ActiveCfg = nuget_release|Any CPU
		{6456F7C5-559F-4E33-B9A0-6C067786A302}.NPSearch|Any CPU.Build.0 = nuget_release|Any CPU
		{6456F7C5-559F-4E33-B9A0-6C067786A302}.NPSearch|x64.ActiveCfg = nuget_release|x64
		{6456F7C5-559F-4E33-B9A0-6C067786A302}.NPSearch|x64.Build.0 = nuget_release|x64
		{6456F7C5-559F-4E33-B9A0-6C067786A302}.NPSearch|x86.ActiveCfg = nuget_release|Any CPU
		{6456F7C5-559F-4E33-B9A0-6C067786A302}.NPSearch|x86.Build.0 = nuget_release|Any CPU
		{6456F7C5-559F-4E33-B9A0-6C067786A302}.nuget_release|Any CPU.ActiveCfg = nuget_release|Any CPU
		{6456F7C5-559F-4E33-B9A0-6C067786A302}.nuget_release|Any CPU.Build.0 = nuget_release|Any CPU
		{6456F7C5-559F-4E33-B9A0-6C067786A302}.nuget_release|x64.ActiveCfg = nuget_release|x64
		{6456F7C5-559F-4E33-B9A0-6C067786A302}.nuget_release|x64.Build.0 = nuget_release|x64
		{6456F7C5-559F-4E33-B9A0-6C067786A302}.nuget_release|x86.ActiveCfg = nuget_release|Any CPU
		{6456F7C5-559F-4E33-B9A0-6C067786A302}.nuget_release|x86.Build.0 = nuget_release|Any CPU
		{6456F7C5-559F-4E33-B9A0-6C067786A302}.PlantMAT|Any CPU.ActiveCfg = Debug|Any CPU
		{6456F7C5-559F-4E33-B9A0-6C067786A302}.PlantMAT|Any CPU.Build.0 = Debug|Any CPU
		{6456F7C5-559F-4E33-B9A0-6C067786A302}.PlantMAT|x64.ActiveCfg = Debug|x64
		{6456F7C5-559F-4E33-B9A0-6C067786A302}.PlantMAT|x64.Build.0 = Debug|x64
		{6456F7C5-559F-4E33-B9A0-6C067786A302}.PlantMAT|x86.ActiveCfg = Debug|Any CPU
		{6456F7C5-559F-4E33-B9A0-6C067786A302}.PlantMAT|x86.Build.0 = Debug|Any CPU
		{6456F7C5-559F-4E33-B9A0-6C067786A302}.Release|Any CPU.ActiveCfg = Release|Any CPU
		{6456F7C5-559F-4E33-B9A0-6C067786A302}.Release|Any CPU.Build.0 = Release|Any CPU
		{6456F7C5-559F-4E33-B9A0-6C067786A302}.Release|x64.ActiveCfg = Release|x64
		{6456F7C5-559F-4E33-B9A0-6C067786A302}.Release|x64.Build.0 = Release|x64
		{6456F7C5-559F-4E33-B9A0-6C067786A302}.Release|x86.ActiveCfg = Release|Any CPU
		{6456F7C5-559F-4E33-B9A0-6C067786A302}.Release|x86.Build.0 = Release|Any CPU
		{6456F7C5-559F-4E33-B9A0-6C067786A302}.Rsharp_app_release|Any CPU.ActiveCfg = Rsharp_app_release|Any CPU
		{6456F7C5-559F-4E33-B9A0-6C067786A302}.Rsharp_app_release|Any CPU.Build.0 = Rsharp_app_release|Any CPU
		{6456F7C5-559F-4E33-B9A0-6C067786A302}.Rsharp_app_release|x64.ActiveCfg = Rsharp_app_release|x64
		{6456F7C5-559F-4E33-B9A0-6C067786A302}.Rsharp_app_release|x64.Build.0 = Rsharp_app_release|x64
		{6456F7C5-559F-4E33-B9A0-6C067786A302}.Rsharp_app_release|x86.ActiveCfg = Rsharp_app_release|Any CPU
		{6456F7C5-559F-4E33-B9A0-6C067786A302}.Rsharp_app_release|x86.Build.0 = Rsharp_app_release|Any CPU
		{200B043E-B3E6-4105-B543-574BB34F58C1}.CFD_win32|Any CPU.ActiveCfg = Debug|Any CPU
		{200B043E-B3E6-4105-B543-574BB34F58C1}.CFD_win32|Any CPU.Build.0 = Debug|Any CPU
		{200B043E-B3E6-4105-B543-574BB34F58C1}.CFD_win32|x64.ActiveCfg = Debug|x64
		{200B043E-B3E6-4105-B543-574BB34F58C1}.CFD_win32|x64.Build.0 = Debug|x64
		{200B043E-B3E6-4105-B543-574BB34F58C1}.CFD_win32|x86.ActiveCfg = Debug|Any CPU
		{200B043E-B3E6-4105-B543-574BB34F58C1}.CFD_win32|x86.Build.0 = Debug|Any CPU
		{200B043E-B3E6-4105-B543-574BB34F58C1}.Debug|Any CPU.ActiveCfg = Debug|Any CPU
		{200B043E-B3E6-4105-B543-574BB34F58C1}.Debug|Any CPU.Build.0 = Debug|Any CPU
		{200B043E-B3E6-4105-B543-574BB34F58C1}.Debug|x64.ActiveCfg = Debug|x64
		{200B043E-B3E6-4105-B543-574BB34F58C1}.Debug|x64.Build.0 = Debug|x64
		{200B043E-B3E6-4105-B543-574BB34F58C1}.Debug|x86.ActiveCfg = Debug|Any CPU
		{200B043E-B3E6-4105-B543-574BB34F58C1}.Debug|x86.Build.0 = Debug|Any CPU
		{200B043E-B3E6-4105-B543-574BB34F58C1}.Desktop|Any CPU.ActiveCfg = Desktop|Any CPU
		{200B043E-B3E6-4105-B543-574BB34F58C1}.Desktop|Any CPU.Build.0 = Desktop|Any CPU
		{200B043E-B3E6-4105-B543-574BB34F58C1}.Desktop|x64.ActiveCfg = Desktop|x64
		{200B043E-B3E6-4105-B543-574BB34F58C1}.Desktop|x64.Build.0 = Desktop|x64
		{200B043E-B3E6-4105-B543-574BB34F58C1}.Desktop|x86.ActiveCfg = Desktop|Any CPU
		{200B043E-B3E6-4105-B543-574BB34F58C1}.Desktop|x86.Build.0 = Desktop|Any CPU
		{200B043E-B3E6-4105-B543-574BB34F58C1}.Docker|Any CPU.ActiveCfg = Desktop|Any CPU
		{200B043E-B3E6-4105-B543-574BB34F58C1}.Docker|Any CPU.Build.0 = Desktop|Any CPU
		{200B043E-B3E6-4105-B543-574BB34F58C1}.Docker|x64.ActiveCfg = Desktop|x64
		{200B043E-B3E6-4105-B543-574BB34F58C1}.Docker|x64.Build.0 = Desktop|x64
		{200B043E-B3E6-4105-B543-574BB34F58C1}.Docker|x86.ActiveCfg = Desktop|Any CPU
		{200B043E-B3E6-4105-B543-574BB34F58C1}.Docker|x86.Build.0 = Desktop|Any CPU
		{200B043E-B3E6-4105-B543-574BB34F58C1}.gcmodeller_desktop|Any CPU.ActiveCfg = gcmodeller_desktop|Any CPU
		{200B043E-B3E6-4105-B543-574BB34F58C1}.gcmodeller_desktop|Any CPU.Build.0 = gcmodeller_desktop|Any CPU
		{200B043E-B3E6-4105-B543-574BB34F58C1}.gcmodeller_desktop|x64.ActiveCfg = gcmodeller_desktop|x64
		{200B043E-B3E6-4105-B543-574BB34F58C1}.gcmodeller_desktop|x64.Build.0 = gcmodeller_desktop|x64
		{200B043E-B3E6-4105-B543-574BB34F58C1}.gcmodeller_desktop|x86.ActiveCfg = gcmodeller_desktop|Any CPU
		{200B043E-B3E6-4105-B543-574BB34F58C1}.gcmodeller_desktop|x86.Build.0 = gcmodeller_desktop|Any CPU
		{200B043E-B3E6-4105-B543-574BB34F58C1}.LipidSearch|Any CPU.ActiveCfg = LipidSearch|Any CPU
		{200B043E-B3E6-4105-B543-574BB34F58C1}.LipidSearch|Any CPU.Build.0 = LipidSearch|Any CPU
		{200B043E-B3E6-4105-B543-574BB34F58C1}.LipidSearch|x64.ActiveCfg = LipidSearch|x64
		{200B043E-B3E6-4105-B543-574BB34F58C1}.LipidSearch|x64.Build.0 = LipidSearch|x64
		{200B043E-B3E6-4105-B543-574BB34F58C1}.LipidSearch|x86.ActiveCfg = LipidSearch|Any CPU
		{200B043E-B3E6-4105-B543-574BB34F58C1}.LipidSearch|x86.Build.0 = LipidSearch|Any CPU
		{200B043E-B3E6-4105-B543-574BB34F58C1}.mzkit_win32|Any CPU.ActiveCfg = mzkit|Any CPU
		{200B043E-B3E6-4105-B543-574BB34F58C1}.mzkit_win32|Any CPU.Build.0 = mzkit|Any CPU
		{200B043E-B3E6-4105-B543-574BB34F58C1}.mzkit_win32|x64.ActiveCfg = mzkit|x64
		{200B043E-B3E6-4105-B543-574BB34F58C1}.mzkit_win32|x64.Build.0 = mzkit|x64
		{200B043E-B3E6-4105-B543-574BB34F58C1}.mzkit_win32|x86.ActiveCfg = mzkit|Any CPU
		{200B043E-B3E6-4105-B543-574BB34F58C1}.mzkit_win32|x86.Build.0 = mzkit|Any CPU
		{200B043E-B3E6-4105-B543-574BB34F58C1}.mzkit|Any CPU.ActiveCfg = mzkit|Any CPU
		{200B043E-B3E6-4105-B543-574BB34F58C1}.mzkit|Any CPU.Build.0 = mzkit|Any CPU
		{200B043E-B3E6-4105-B543-574BB34F58C1}.mzkit|x64.ActiveCfg = mzkit|x64
		{200B043E-B3E6-4105-B543-574BB34F58C1}.mzkit|x64.Build.0 = mzkit|x64
		{200B043E-B3E6-4105-B543-574BB34F58C1}.mzkit|x86.ActiveCfg = mzkit|Any CPU
		{200B043E-B3E6-4105-B543-574BB34F58C1}.mzkit|x86.Build.0 = mzkit|Any CPU
		{200B043E-B3E6-4105-B543-574BB34F58C1}.NPSearch|Any CPU.ActiveCfg = nuget_release|Any CPU
		{200B043E-B3E6-4105-B543-574BB34F58C1}.NPSearch|Any CPU.Build.0 = nuget_release|Any CPU
		{200B043E-B3E6-4105-B543-574BB34F58C1}.NPSearch|x64.ActiveCfg = nuget_release|x64
		{200B043E-B3E6-4105-B543-574BB34F58C1}.NPSearch|x64.Build.0 = nuget_release|x64
		{200B043E-B3E6-4105-B543-574BB34F58C1}.NPSearch|x86.ActiveCfg = nuget_release|Any CPU
		{200B043E-B3E6-4105-B543-574BB34F58C1}.NPSearch|x86.Build.0 = nuget_release|Any CPU
		{200B043E-B3E6-4105-B543-574BB34F58C1}.nuget_release|Any CPU.ActiveCfg = nuget_release|Any CPU
		{200B043E-B3E6-4105-B543-574BB34F58C1}.nuget_release|Any CPU.Build.0 = nuget_release|Any CPU
		{200B043E-B3E6-4105-B543-574BB34F58C1}.nuget_release|x64.ActiveCfg = nuget_release|x64
		{200B043E-B3E6-4105-B543-574BB34F58C1}.nuget_release|x64.Build.0 = nuget_release|x64
		{200B043E-B3E6-4105-B543-574BB34F58C1}.nuget_release|x86.ActiveCfg = nuget_release|Any CPU
		{200B043E-B3E6-4105-B543-574BB34F58C1}.nuget_release|x86.Build.0 = nuget_release|Any CPU
		{200B043E-B3E6-4105-B543-574BB34F58C1}.PlantMAT|Any CPU.ActiveCfg = PlantMAT|Any CPU
		{200B043E-B3E6-4105-B543-574BB34F58C1}.PlantMAT|Any CPU.Build.0 = PlantMAT|Any CPU
		{200B043E-B3E6-4105-B543-574BB34F58C1}.PlantMAT|x64.ActiveCfg = PlantMAT|x64
		{200B043E-B3E6-4105-B543-574BB34F58C1}.PlantMAT|x64.Build.0 = PlantMAT|x64
		{200B043E-B3E6-4105-B543-574BB34F58C1}.PlantMAT|x86.ActiveCfg = PlantMAT|Any CPU
		{200B043E-B3E6-4105-B543-574BB34F58C1}.PlantMAT|x86.Build.0 = PlantMAT|Any CPU
		{200B043E-B3E6-4105-B543-574BB34F58C1}.Release|Any CPU.ActiveCfg = Release|Any CPU
		{200B043E-B3E6-4105-B543-574BB34F58C1}.Release|Any CPU.Build.0 = Release|Any CPU
		{200B043E-B3E6-4105-B543-574BB34F58C1}.Release|x64.ActiveCfg = Release|x64
		{200B043E-B3E6-4105-B543-574BB34F58C1}.Release|x64.Build.0 = Release|x64
		{200B043E-B3E6-4105-B543-574BB34F58C1}.Release|x86.ActiveCfg = Release|Any CPU
		{200B043E-B3E6-4105-B543-574BB34F58C1}.Release|x86.Build.0 = Release|Any CPU
		{200B043E-B3E6-4105-B543-574BB34F58C1}.Rsharp_app_release|Any CPU.ActiveCfg = Rsharp_app_release|Any CPU
		{200B043E-B3E6-4105-B543-574BB34F58C1}.Rsharp_app_release|Any CPU.Build.0 = Rsharp_app_release|Any CPU
		{200B043E-B3E6-4105-B543-574BB34F58C1}.Rsharp_app_release|x64.ActiveCfg = Rsharp_app_release|x64
		{200B043E-B3E6-4105-B543-574BB34F58C1}.Rsharp_app_release|x64.Build.0 = Rsharp_app_release|x64
		{200B043E-B3E6-4105-B543-574BB34F58C1}.Rsharp_app_release|x86.ActiveCfg = Rsharp_app_release|Any CPU
		{200B043E-B3E6-4105-B543-574BB34F58C1}.Rsharp_app_release|x86.Build.0 = Rsharp_app_release|Any CPU
		{1D1C4C44-12FF-4EDF-824B-1C151C8460B1}.CFD_win32|Any CPU.ActiveCfg = CFD_win32|Any CPU
		{1D1C4C44-12FF-4EDF-824B-1C151C8460B1}.CFD_win32|Any CPU.Build.0 = CFD_win32|Any CPU
		{1D1C4C44-12FF-4EDF-824B-1C151C8460B1}.CFD_win32|x64.ActiveCfg = CFD_win32|x64
		{1D1C4C44-12FF-4EDF-824B-1C151C8460B1}.CFD_win32|x64.Build.0 = CFD_win32|x64
		{1D1C4C44-12FF-4EDF-824B-1C151C8460B1}.CFD_win32|x86.ActiveCfg = CFD_win32|Any CPU
		{1D1C4C44-12FF-4EDF-824B-1C151C8460B1}.CFD_win32|x86.Build.0 = CFD_win32|Any CPU
		{1D1C4C44-12FF-4EDF-824B-1C151C8460B1}.Debug|Any CPU.ActiveCfg = Debug|Any CPU
		{1D1C4C44-12FF-4EDF-824B-1C151C8460B1}.Debug|Any CPU.Build.0 = Debug|Any CPU
		{1D1C4C44-12FF-4EDF-824B-1C151C8460B1}.Debug|x64.ActiveCfg = Debug|x64
		{1D1C4C44-12FF-4EDF-824B-1C151C8460B1}.Debug|x64.Build.0 = Debug|x64
		{1D1C4C44-12FF-4EDF-824B-1C151C8460B1}.Debug|x86.ActiveCfg = Debug|Any CPU
		{1D1C4C44-12FF-4EDF-824B-1C151C8460B1}.Debug|x86.Build.0 = Debug|Any CPU
		{1D1C4C44-12FF-4EDF-824B-1C151C8460B1}.Desktop|Any CPU.ActiveCfg = Desktop|Any CPU
		{1D1C4C44-12FF-4EDF-824B-1C151C8460B1}.Desktop|Any CPU.Build.0 = Desktop|Any CPU
		{1D1C4C44-12FF-4EDF-824B-1C151C8460B1}.Desktop|x64.ActiveCfg = Desktop|x64
		{1D1C4C44-12FF-4EDF-824B-1C151C8460B1}.Desktop|x64.Build.0 = Desktop|x64
		{1D1C4C44-12FF-4EDF-824B-1C151C8460B1}.Desktop|x86.ActiveCfg = Desktop|Any CPU
		{1D1C4C44-12FF-4EDF-824B-1C151C8460B1}.Desktop|x86.Build.0 = Desktop|Any CPU
		{1D1C4C44-12FF-4EDF-824B-1C151C8460B1}.Docker|Any CPU.ActiveCfg = Desktop|Any CPU
		{1D1C4C44-12FF-4EDF-824B-1C151C8460B1}.Docker|Any CPU.Build.0 = Desktop|Any CPU
		{1D1C4C44-12FF-4EDF-824B-1C151C8460B1}.Docker|x64.ActiveCfg = Desktop|x64
		{1D1C4C44-12FF-4EDF-824B-1C151C8460B1}.Docker|x64.Build.0 = Desktop|x64
		{1D1C4C44-12FF-4EDF-824B-1C151C8460B1}.Docker|x86.ActiveCfg = Desktop|Any CPU
		{1D1C4C44-12FF-4EDF-824B-1C151C8460B1}.Docker|x86.Build.0 = Desktop|Any CPU
		{1D1C4C44-12FF-4EDF-824B-1C151C8460B1}.gcmodeller_desktop|Any CPU.ActiveCfg = gcmodeller_desktop|Any CPU
		{1D1C4C44-12FF-4EDF-824B-1C151C8460B1}.gcmodeller_desktop|Any CPU.Build.0 = gcmodeller_desktop|Any CPU
		{1D1C4C44-12FF-4EDF-824B-1C151C8460B1}.gcmodeller_desktop|x64.ActiveCfg = gcmodeller_desktop|x64
		{1D1C4C44-12FF-4EDF-824B-1C151C8460B1}.gcmodeller_desktop|x64.Build.0 = gcmodeller_desktop|x64
		{1D1C4C44-12FF-4EDF-824B-1C151C8460B1}.gcmodeller_desktop|x86.ActiveCfg = gcmodeller_desktop|Any CPU
		{1D1C4C44-12FF-4EDF-824B-1C151C8460B1}.gcmodeller_desktop|x86.Build.0 = gcmodeller_desktop|Any CPU
		{1D1C4C44-12FF-4EDF-824B-1C151C8460B1}.LipidSearch|Any CPU.ActiveCfg = LipidSearch|Any CPU
		{1D1C4C44-12FF-4EDF-824B-1C151C8460B1}.LipidSearch|Any CPU.Build.0 = LipidSearch|Any CPU
		{1D1C4C44-12FF-4EDF-824B-1C151C8460B1}.LipidSearch|x64.ActiveCfg = LipidSearch|x64
		{1D1C4C44-12FF-4EDF-824B-1C151C8460B1}.LipidSearch|x64.Build.0 = LipidSearch|x64
		{1D1C4C44-12FF-4EDF-824B-1C151C8460B1}.LipidSearch|x86.ActiveCfg = LipidSearch|Any CPU
		{1D1C4C44-12FF-4EDF-824B-1C151C8460B1}.LipidSearch|x86.Build.0 = LipidSearch|Any CPU
		{1D1C4C44-12FF-4EDF-824B-1C151C8460B1}.mzkit_win32|Any CPU.ActiveCfg = mzkit|Any CPU
		{1D1C4C44-12FF-4EDF-824B-1C151C8460B1}.mzkit_win32|Any CPU.Build.0 = mzkit|Any CPU
		{1D1C4C44-12FF-4EDF-824B-1C151C8460B1}.mzkit_win32|x64.ActiveCfg = mzkit|x64
		{1D1C4C44-12FF-4EDF-824B-1C151C8460B1}.mzkit_win32|x64.Build.0 = mzkit|x64
		{1D1C4C44-12FF-4EDF-824B-1C151C8460B1}.mzkit_win32|x86.ActiveCfg = mzkit|Any CPU
		{1D1C4C44-12FF-4EDF-824B-1C151C8460B1}.mzkit_win32|x86.Build.0 = mzkit|Any CPU
		{1D1C4C44-12FF-4EDF-824B-1C151C8460B1}.mzkit|Any CPU.ActiveCfg = mzkit|Any CPU
		{1D1C4C44-12FF-4EDF-824B-1C151C8460B1}.mzkit|Any CPU.Build.0 = mzkit|Any CPU
		{1D1C4C44-12FF-4EDF-824B-1C151C8460B1}.mzkit|x64.ActiveCfg = mzkit|x64
		{1D1C4C44-12FF-4EDF-824B-1C151C8460B1}.mzkit|x64.Build.0 = mzkit|x64
		{1D1C4C44-12FF-4EDF-824B-1C151C8460B1}.mzkit|x86.ActiveCfg = mzkit|Any CPU
		{1D1C4C44-12FF-4EDF-824B-1C151C8460B1}.mzkit|x86.Build.0 = mzkit|Any CPU
		{1D1C4C44-12FF-4EDF-824B-1C151C8460B1}.NPSearch|Any CPU.ActiveCfg = NPSearch|Any CPU
		{1D1C4C44-12FF-4EDF-824B-1C151C8460B1}.NPSearch|Any CPU.Build.0 = NPSearch|Any CPU
		{1D1C4C44-12FF-4EDF-824B-1C151C8460B1}.NPSearch|x64.ActiveCfg = NPSearch|x64
		{1D1C4C44-12FF-4EDF-824B-1C151C8460B1}.NPSearch|x64.Build.0 = NPSearch|x64
		{1D1C4C44-12FF-4EDF-824B-1C151C8460B1}.NPSearch|x86.ActiveCfg = NPSearch|Any CPU
		{1D1C4C44-12FF-4EDF-824B-1C151C8460B1}.NPSearch|x86.Build.0 = NPSearch|Any CPU
		{1D1C4C44-12FF-4EDF-824B-1C151C8460B1}.nuget_release|Any CPU.ActiveCfg = NPSearch|Any CPU
		{1D1C4C44-12FF-4EDF-824B-1C151C8460B1}.nuget_release|Any CPU.Build.0 = NPSearch|Any CPU
		{1D1C4C44-12FF-4EDF-824B-1C151C8460B1}.nuget_release|x64.ActiveCfg = NPSearch|x64
		{1D1C4C44-12FF-4EDF-824B-1C151C8460B1}.nuget_release|x64.Build.0 = NPSearch|x64
		{1D1C4C44-12FF-4EDF-824B-1C151C8460B1}.nuget_release|x86.ActiveCfg = NPSearch|Any CPU
		{1D1C4C44-12FF-4EDF-824B-1C151C8460B1}.nuget_release|x86.Build.0 = NPSearch|Any CPU
		{1D1C4C44-12FF-4EDF-824B-1C151C8460B1}.PlantMAT|Any CPU.ActiveCfg = PlantMAT|Any CPU
		{1D1C4C44-12FF-4EDF-824B-1C151C8460B1}.PlantMAT|Any CPU.Build.0 = PlantMAT|Any CPU
		{1D1C4C44-12FF-4EDF-824B-1C151C8460B1}.PlantMAT|x64.ActiveCfg = PlantMAT|x64
		{1D1C4C44-12FF-4EDF-824B-1C151C8460B1}.PlantMAT|x64.Build.0 = PlantMAT|x64
		{1D1C4C44-12FF-4EDF-824B-1C151C8460B1}.PlantMAT|x86.ActiveCfg = PlantMAT|Any CPU
		{1D1C4C44-12FF-4EDF-824B-1C151C8460B1}.PlantMAT|x86.Build.0 = PlantMAT|Any CPU
		{1D1C4C44-12FF-4EDF-824B-1C151C8460B1}.Release|Any CPU.ActiveCfg = Release|Any CPU
		{1D1C4C44-12FF-4EDF-824B-1C151C8460B1}.Release|Any CPU.Build.0 = Release|Any CPU
		{1D1C4C44-12FF-4EDF-824B-1C151C8460B1}.Release|x64.ActiveCfg = Release|x64
		{1D1C4C44-12FF-4EDF-824B-1C151C8460B1}.Release|x64.Build.0 = Release|x64
		{1D1C4C44-12FF-4EDF-824B-1C151C8460B1}.Release|x86.ActiveCfg = Release|Any CPU
		{1D1C4C44-12FF-4EDF-824B-1C151C8460B1}.Release|x86.Build.0 = Release|Any CPU
		{1D1C4C44-12FF-4EDF-824B-1C151C8460B1}.Rsharp_app_release|Any CPU.ActiveCfg = Rsharp_app_release|Any CPU
		{1D1C4C44-12FF-4EDF-824B-1C151C8460B1}.Rsharp_app_release|Any CPU.Build.0 = Rsharp_app_release|Any CPU
		{1D1C4C44-12FF-4EDF-824B-1C151C8460B1}.Rsharp_app_release|x64.ActiveCfg = Rsharp_app_release|x64
		{1D1C4C44-12FF-4EDF-824B-1C151C8460B1}.Rsharp_app_release|x64.Build.0 = Rsharp_app_release|x64
		{1D1C4C44-12FF-4EDF-824B-1C151C8460B1}.Rsharp_app_release|x86.ActiveCfg = Rsharp_app_release|Any CPU
		{1D1C4C44-12FF-4EDF-824B-1C151C8460B1}.Rsharp_app_release|x86.Build.0 = Rsharp_app_release|Any CPU
		{441D703E-2355-48B9-AEF5-B027EFC322C0}.CFD_win32|Any CPU.ActiveCfg = CFD_win32|Any CPU
		{441D703E-2355-48B9-AEF5-B027EFC322C0}.CFD_win32|Any CPU.Build.0 = CFD_win32|Any CPU
		{441D703E-2355-48B9-AEF5-B027EFC322C0}.CFD_win32|x64.ActiveCfg = CFD_win32|x64
		{441D703E-2355-48B9-AEF5-B027EFC322C0}.CFD_win32|x64.Build.0 = CFD_win32|x64
		{441D703E-2355-48B9-AEF5-B027EFC322C0}.CFD_win32|x86.ActiveCfg = CFD_win32|Any CPU
		{441D703E-2355-48B9-AEF5-B027EFC322C0}.CFD_win32|x86.Build.0 = CFD_win32|Any CPU
		{441D703E-2355-48B9-AEF5-B027EFC322C0}.Debug|Any CPU.ActiveCfg = Debug|Any CPU
		{441D703E-2355-48B9-AEF5-B027EFC322C0}.Debug|Any CPU.Build.0 = Debug|Any CPU
		{441D703E-2355-48B9-AEF5-B027EFC322C0}.Debug|x64.ActiveCfg = Debug|x64
		{441D703E-2355-48B9-AEF5-B027EFC322C0}.Debug|x64.Build.0 = Debug|x64
		{441D703E-2355-48B9-AEF5-B027EFC322C0}.Debug|x86.ActiveCfg = Debug|Any CPU
		{441D703E-2355-48B9-AEF5-B027EFC322C0}.Debug|x86.Build.0 = Debug|Any CPU
		{441D703E-2355-48B9-AEF5-B027EFC322C0}.Desktop|Any CPU.ActiveCfg = Desktop|Any CPU
		{441D703E-2355-48B9-AEF5-B027EFC322C0}.Desktop|Any CPU.Build.0 = Desktop|Any CPU
		{441D703E-2355-48B9-AEF5-B027EFC322C0}.Desktop|x64.ActiveCfg = Desktop|x64
		{441D703E-2355-48B9-AEF5-B027EFC322C0}.Desktop|x64.Build.0 = Desktop|x64
		{441D703E-2355-48B9-AEF5-B027EFC322C0}.Desktop|x86.ActiveCfg = Desktop|Any CPU
		{441D703E-2355-48B9-AEF5-B027EFC322C0}.Desktop|x86.Build.0 = Desktop|Any CPU
		{441D703E-2355-48B9-AEF5-B027EFC322C0}.Docker|Any CPU.ActiveCfg = Desktop|Any CPU
		{441D703E-2355-48B9-AEF5-B027EFC322C0}.Docker|Any CPU.Build.0 = Desktop|Any CPU
		{441D703E-2355-48B9-AEF5-B027EFC322C0}.Docker|x64.ActiveCfg = Desktop|x64
		{441D703E-2355-48B9-AEF5-B027EFC322C0}.Docker|x64.Build.0 = Desktop|x64
		{441D703E-2355-48B9-AEF5-B027EFC322C0}.Docker|x86.ActiveCfg = Desktop|Any CPU
		{441D703E-2355-48B9-AEF5-B027EFC322C0}.Docker|x86.Build.0 = Desktop|Any CPU
		{441D703E-2355-48B9-AEF5-B027EFC322C0}.gcmodeller_desktop|Any CPU.ActiveCfg = gcmodeller_desktop|Any CPU
		{441D703E-2355-48B9-AEF5-B027EFC322C0}.gcmodeller_desktop|Any CPU.Build.0 = gcmodeller_desktop|Any CPU
		{441D703E-2355-48B9-AEF5-B027EFC322C0}.gcmodeller_desktop|x64.ActiveCfg = gcmodeller_desktop|x64
		{441D703E-2355-48B9-AEF5-B027EFC322C0}.gcmodeller_desktop|x64.Build.0 = gcmodeller_desktop|x64
		{441D703E-2355-48B9-AEF5-B027EFC322C0}.gcmodeller_desktop|x86.ActiveCfg = gcmodeller_desktop|Any CPU
		{441D703E-2355-48B9-AEF5-B027EFC322C0}.gcmodeller_desktop|x86.Build.0 = gcmodeller_desktop|Any CPU
		{441D703E-2355-48B9-AEF5-B027EFC322C0}.LipidSearch|Any CPU.ActiveCfg = Debug|Any CPU
		{441D703E-2355-48B9-AEF5-B027EFC322C0}.LipidSearch|Any CPU.Build.0 = Debug|Any CPU
		{441D703E-2355-48B9-AEF5-B027EFC322C0}.LipidSearch|x64.ActiveCfg = Debug|x64
		{441D703E-2355-48B9-AEF5-B027EFC322C0}.LipidSearch|x64.Build.0 = Debug|x64
		{441D703E-2355-48B9-AEF5-B027EFC322C0}.LipidSearch|x86.ActiveCfg = Debug|Any CPU
		{441D703E-2355-48B9-AEF5-B027EFC322C0}.LipidSearch|x86.Build.0 = Debug|Any CPU
		{441D703E-2355-48B9-AEF5-B027EFC322C0}.mzkit_win32|Any CPU.ActiveCfg = mzkit_win32|Any CPU
		{441D703E-2355-48B9-AEF5-B027EFC322C0}.mzkit_win32|Any CPU.Build.0 = mzkit_win32|Any CPU
		{441D703E-2355-48B9-AEF5-B027EFC322C0}.mzkit_win32|x64.ActiveCfg = mzkit_win32|x64
		{441D703E-2355-48B9-AEF5-B027EFC322C0}.mzkit_win32|x64.Build.0 = mzkit_win32|x64
		{441D703E-2355-48B9-AEF5-B027EFC322C0}.mzkit_win32|x86.ActiveCfg = mzkit_win32|Any CPU
		{441D703E-2355-48B9-AEF5-B027EFC322C0}.mzkit_win32|x86.Build.0 = mzkit_win32|Any CPU
		{441D703E-2355-48B9-AEF5-B027EFC322C0}.mzkit|Any CPU.ActiveCfg = mzkit|Any CPU
		{441D703E-2355-48B9-AEF5-B027EFC322C0}.mzkit|Any CPU.Build.0 = mzkit|Any CPU
		{441D703E-2355-48B9-AEF5-B027EFC322C0}.mzkit|x64.ActiveCfg = mzkit|x64
		{441D703E-2355-48B9-AEF5-B027EFC322C0}.mzkit|x64.Build.0 = mzkit|x64
		{441D703E-2355-48B9-AEF5-B027EFC322C0}.mzkit|x86.ActiveCfg = mzkit|Any CPU
		{441D703E-2355-48B9-AEF5-B027EFC322C0}.mzkit|x86.Build.0 = mzkit|Any CPU
		{441D703E-2355-48B9-AEF5-B027EFC322C0}.NPSearch|Any CPU.ActiveCfg = Debug|Any CPU
		{441D703E-2355-48B9-AEF5-B027EFC322C0}.NPSearch|Any CPU.Build.0 = Debug|Any CPU
		{441D703E-2355-48B9-AEF5-B027EFC322C0}.NPSearch|x64.ActiveCfg = Debug|x64
		{441D703E-2355-48B9-AEF5-B027EFC322C0}.NPSearch|x64.Build.0 = Debug|x64
		{441D703E-2355-48B9-AEF5-B027EFC322C0}.NPSearch|x86.ActiveCfg = Debug|Any CPU
		{441D703E-2355-48B9-AEF5-B027EFC322C0}.NPSearch|x86.Build.0 = Debug|Any CPU
		{441D703E-2355-48B9-AEF5-B027EFC322C0}.nuget_release|Any CPU.ActiveCfg = Debug|Any CPU
		{441D703E-2355-48B9-AEF5-B027EFC322C0}.nuget_release|Any CPU.Build.0 = Debug|Any CPU
		{441D703E-2355-48B9-AEF5-B027EFC322C0}.nuget_release|x64.ActiveCfg = Debug|x64
		{441D703E-2355-48B9-AEF5-B027EFC322C0}.nuget_release|x64.Build.0 = Debug|x64
		{441D703E-2355-48B9-AEF5-B027EFC322C0}.nuget_release|x86.ActiveCfg = Debug|Any CPU
		{441D703E-2355-48B9-AEF5-B027EFC322C0}.nuget_release|x86.Build.0 = Debug|Any CPU
		{441D703E-2355-48B9-AEF5-B027EFC322C0}.PlantMAT|Any CPU.ActiveCfg = PlantMAT|Any CPU
		{441D703E-2355-48B9-AEF5-B027EFC322C0}.PlantMAT|Any CPU.Build.0 = PlantMAT|Any CPU
		{441D703E-2355-48B9-AEF5-B027EFC322C0}.PlantMAT|x64.ActiveCfg = PlantMAT|x64
		{441D703E-2355-48B9-AEF5-B027EFC322C0}.PlantMAT|x64.Build.0 = PlantMAT|x64
		{441D703E-2355-48B9-AEF5-B027EFC322C0}.PlantMAT|x86.ActiveCfg = PlantMAT|Any CPU
		{441D703E-2355-48B9-AEF5-B027EFC322C0}.PlantMAT|x86.Build.0 = PlantMAT|Any CPU
		{441D703E-2355-48B9-AEF5-B027EFC322C0}.Release|Any CPU.ActiveCfg = Release|Any CPU
		{441D703E-2355-48B9-AEF5-B027EFC322C0}.Release|Any CPU.Build.0 = Release|Any CPU
		{441D703E-2355-48B9-AEF5-B027EFC322C0}.Release|x64.ActiveCfg = Release|x64
		{441D703E-2355-48B9-AEF5-B027EFC322C0}.Release|x64.Build.0 = Release|x64
		{441D703E-2355-48B9-AEF5-B027EFC322C0}.Release|x86.ActiveCfg = Release|Any CPU
		{441D703E-2355-48B9-AEF5-B027EFC322C0}.Release|x86.Build.0 = Release|Any CPU
		{441D703E-2355-48B9-AEF5-B027EFC322C0}.Rsharp_app_release|Any CPU.ActiveCfg = Rsharp_app_release|Any CPU
		{441D703E-2355-48B9-AEF5-B027EFC322C0}.Rsharp_app_release|Any CPU.Build.0 = Rsharp_app_release|Any CPU
		{441D703E-2355-48B9-AEF5-B027EFC322C0}.Rsharp_app_release|x64.ActiveCfg = Rsharp_app_release|x64
		{441D703E-2355-48B9-AEF5-B027EFC322C0}.Rsharp_app_release|x64.Build.0 = Rsharp_app_release|x64
		{441D703E-2355-48B9-AEF5-B027EFC322C0}.Rsharp_app_release|x86.ActiveCfg = Rsharp_app_release|Any CPU
		{441D703E-2355-48B9-AEF5-B027EFC322C0}.Rsharp_app_release|x86.Build.0 = Rsharp_app_release|Any CPU
	EndGlobalSection
	GlobalSection(SolutionProperties) = preSolution
		HideSolutionNode = FALSE
	EndGlobalSection
	GlobalSection(NestedProjects) = preSolution
		{04166C0D-98E2-48A4-BF51-E1F45CFB91AE} = {103AA27C-8966-424D-9709-CCA39C9A190D}
		{51207BBF-319F-434E-A20D-56EDDE47C7D6} = {103AA27C-8966-424D-9709-CCA39C9A190D}
		{6456F7C5-559F-4E33-B9A0-6C067786A302} = {103AA27C-8966-424D-9709-CCA39C9A190D}
		{200B043E-B3E6-4105-B543-574BB34F58C1} = {103AA27C-8966-424D-9709-CCA39C9A190D}
		{1D1C4C44-12FF-4EDF-824B-1C151C8460B1} = {C0832E21-7854-40D2-92EB-B7EDA6D0DCFC}
		{441D703E-2355-48B9-AEF5-B027EFC322C0} = {C0832E21-7854-40D2-92EB-B7EDA6D0DCFC}
	EndGlobalSection
	GlobalSection(ExtensibilityGlobals) = postSolution
		SolutionGuid = {BAD9E72A-CB92-4795-BDDB-3481E4BD55B3}
	EndGlobalSection
	GlobalSection(SharedMSBuildProjectFiles) = preSolution
		..\..\GCModeller\src\R-sharp\studio\Rstudio.common\Rstudio.common.projitems*{441d703e-2355-48b9-aef5-b027efc322c0}*SharedItemsImports = 5
	EndGlobalSection
EndGlobal
